
Microsoft Visual Studio Solution File, Format Version 12.00
# Visual Studio Version 16
VisualStudioVersion = 16.0.31321.278
MinimumVisualStudioVersion = 10.0.40219.1
Project("{FAE04EC0-301F-11D3-BF4B-00C04F79EFBC}") = "Account_Own", "Account_Own.csproj", "{43F65AC2-C445-40F8-9AB9-532C09840742}"
EndProject
Global
	GlobalSection(SolutionConfigurationPlatforms) = preSolution
		Debug|Any CPU = Debug|Any CPU
		Release|Any CPU = Release|Any CPU
	EndGlobalSection
	GlobalSection(ProjectConfigurationPlatforms) = postSolution
		{43F65AC2-C445-40F8-9AB9-532C09840742}.Debug|Any CPU.ActiveCfg = Debug|Any CPU
		{43F65AC2-C445-40F8-9AB9-532C09840742}.Debug|Any CPU.Build.0 = Debug|Any CPU
		{43F65AC2-C445-40F8-9AB9-532C09840742}.Release|Any CPU.ActiveCfg = Release|Any CPU
		{43F65AC2-C445-40F8-9AB9-532C09840742}.Release|Any CPU.Build.0 = Release|Any CPU
	EndGlobalSection
	GlobalSection(SolutionProperties) = preSolution
		HideSolutionNode = FALSE
	EndGlobalSection
	GlobalSection(ExtensibilityGlobals) = postSolution
		SolutionGuid = {890C2C57-9937-4249-97FC-54DAEE46900B}
	EndGlobalSection
EndGlobal
